
Microsoft Visual Studio Solution File, Format Version 12.00
# Visual Studio 2012
Project("{FAE04EC0-301F-11D3-BF4B-00C04F79EFBC}") = "RibbitMVC", "RibbitMVC\RibbitMVC.csproj", "{36C247F2-0B0D-4B60-B745-5A5DDBB37030}"
EndProject
Project("{FAE04EC0-301F-11D3-BF4B-00C04F79EFBC}") = "MvcApplication1", "MvcApplication1\MvcApplication1.csproj", "{1B8DE19F-4BFA-486A-B6D2-D38AB3E4967A}"
EndProject
Global
	GlobalSection(SolutionConfigurationPlatforms) = preSolution
		Debug|Any CPU = Debug|Any CPU
		Release|Any CPU = Release|Any CPU
	EndGlobalSection
	GlobalSection(ProjectConfigurationPlatforms) = postSolution
		{36C247F2-0B0D-4B60-B745-5A5DDBB37030}.Debug|Any CPU.ActiveCfg = Debug|Any CPU
		{36C247F2-0B0D-4B60-B745-5A5DDBB37030}.Debug|Any CPU.Build.0 = Debug|Any CPU
		{36C247F2-0B0D-4B60-B745-5A5DDBB37030}.Release|Any CPU.ActiveCfg = Release|Any CPU
		{36C247F2-0B0D-4B60-B745-5A5DDBB37030}.Release|Any CPU.Build.0 = Release|Any CPU
		{1B8DE19F-4BFA-486A-B6D2-D38AB3E4967A}.Debug|Any CPU.ActiveCfg = Debug|Any CPU
		{1B8DE19F-4BFA-486A-B6D2-D38AB3E4967A}.Debug|Any CPU.Build.0 = Debug|Any CPU
		{1B8DE19F-4BFA-486A-B6D2-D38AB3E4967A}.Release|Any CPU.ActiveCfg = Release|Any CPU
		{1B8DE19F-4BFA-486A-B6D2-D38AB3E4967A}.Release|Any CPU.Build.0 = Release|Any CPU
	EndGlobalSection
	GlobalSection(SolutionProperties) = preSolution
		HideSolutionNode = FALSE
	EndGlobalSection
EndGlobal
